NeoBundleLock indentLine e046aa9e6feb397464b9545e861daed607d3c60c
NeoBundleLock molokai c67bdfcdb31415aa0ade7f8c003261700a885476
NeoBundleLock neobundle.vim c6fa48cd665071b7a4dbf5ab53f48cd5884716ee
NeoBundleLock neocomplete.vim 4fd73faa262f5e3063422d9fc244c65f1b758cf3
NeoBundleLock neosnippet 9996520d6bf1aaee21f66b5eb561c9f0b306216c
NeoBundleLock neosnippet-snippets 2a9487bacb924d8e870612b6b0a2afb34deea0ae
NeoBundleLock nerdtree c11affabb4bbc0372677eb39f7a03af404e312dc
NeoBundleLock previm 5acd1a1cb5b6022dc744c8f7ee300a68b321c71f
NeoBundleLock vim-markdown 3fcde7215e22913f004c2836fd46ff61746be6db
NeoBundleLock vim-nerdtree-tabs 01ae3cdc7018fa33f140cce3e7cdf210c04ffbab
NeoBundleLock vim-trailing-whitespace 733fb64337b6da4a51c85a43450cd620d8b617b5
